<?xml version="1.0" encoding="Windows-1252"?>
<Project ToolsVersion="12.0" xmlns="http://schemas.microsoft.com/developer/msbuild/2003">
  <ItemGroup>
    <CustomBuild Include="..\CMakeFiles\b0a971bc72778bf5abe1813badf21254\INSTALL_force.rule">
      <Filter>CMake Rules</Filter>
    </CustomBuild>
  </ItemGroup>
  <ItemGroup>
    <Filter Include="CMake Rules">
      <UniqueIdentifier>{041503A9-B9AB-4294-B4FD-E94DB8B8FEAF}</UniqueIdentifier>
    </Filter>
  </ItemGroup>
</Project>
