<?xml version="1.0" encoding="Windows-1252"?>
<Project ToolsVersion="12.0" xmlns="http://schemas.microsoft.com/developer/msbuild/2003">
  <ItemGroup>
    <ClCompile Include="C:\Users\Bekwnn2\Pixie-Particles\Pixie\src\main.cpp">
      <Filter>Source Files</Filter>
    </ClCompile>
    <ClCompile Include="..\..\Pixie\src\Particle.cpp">
      <Filter>Source Files</Filter>
    </ClCompile>
    <ClCompile Include="..\..\Pixie\src\ParticleSystem.cpp">
      <Filter>Source Files</Filter>
    </ClCompile>
    <ClCompile Include="..\..\Pixie\src\Emitter.cpp">
      <Filter>Source Files</Filter>
    </ClCompile>
  </ItemGroup>
  <ItemGroup>
    <CustomBuild Include="C:\Users\Bekwnn2\Pixie-Particles\Pixie\src\CMakeLists.txt" />
  </ItemGroup>
  <ItemGroup>
    <Filter Include="Source Files">
      <UniqueIdentifier>{620BEACF-9642-42F2-B9B9-F93B455D2C10}</UniqueIdentifier>
    </Filter>
  </ItemGroup>
  <ItemGroup>
    <ClInclude Include="..\..\Pixie\src\Particle.h">
      <Filter>Source Files</Filter>
    </ClInclude>
    <ClInclude Include="..\..\Pixie\src\ParticleSystem.h">
      <Filter>Source Files</Filter>
    </ClInclude>
    <ClInclude Include="..\..\Pixie\src\Emitter.h">
      <Filter>Source Files</Filter>
    </ClInclude>
  </ItemGroup>
</Project>